version = 1
revision = 2
requires-python = ">=3.13"

[[package]]
name = "black"
version = "25.1.0"
source = { registry = "https://pypi.org/simple" }
dependencies = [
    { name = "click" },
    { name = "mypy-extensions" },
    { name = "packaging" },
    { name = "pathspec" },
    { name = "platformdirs" },
]
sdist = { url = "https://files.pythonhosted.org/packages/94/49/26a7b0f3f35da4b5a65f081943b7bcd22d7002f5f0fb8098ec1ff21cb6ef/black-25.1.0.tar.gz", hash = "sha256:33496d5cd1222ad73391352b4ae8da15253c5de89b93a80b3e2c8d9a19ec2666", size = 649449, upload-time = "2025-01-29T04:15:40.373Z" }
wheels = [
    { url = "https://files.pythonhosted.org/packages/98/87/0edf98916640efa5d0696e1abb0a8357b52e69e82322628f25bf14d263d1/black-25.1.0-cp313-cp313-macosx_10_13_x86_64.whl", hash = "sha256:8f0b18a02996a836cc9c9c78e5babec10930862827b1b724ddfe98ccf2f2fe4f", size = 1650673, upload-time = "2025-01-29T05:37:20.574Z" },
    { url = "https://files.pythonhosted.org/packages/52/e5/f7bf17207cf87fa6e9b676576749c6b6ed0d70f179a3d812c997870291c3/black-25.1.0-cp313-cp313-macosx_11_0_arm64.whl", hash = "sha256:afebb7098bfbc70037a053b91ae8437c3857482d3a690fefc03e9ff7aa9a5fd3", size = 1453190, upload-time = "2025-01-29T05:37:22.106Z" },
    { url = "https://files.pythonhosted.org/packages/e3/ee/adda3d46d4a9120772fae6de454c8495603c37c4c3b9c60f25b1ab6401fe/black-25.1.0-cp313-cp313-manylinux_2_17_x86_64.manylinux2014_x86_64.manylinux_2_28_x86_64.whl", hash = "sha256:030b9759066a4ee5e5aca28c3c77f9c64789cdd4de8ac1df642c40b708be6171", size = 1782926, upload-time = "2025-01-29T04:18:58.564Z" },
    { url = "https://files.pythonhosted.org/packages/cc/64/94eb5f45dcb997d2082f097a3944cfc7fe87e071907f677e80788a2d7b7a/black-25.1.0-cp313-cp313-win_amd64.whl", hash = "sha256:a22f402b410566e2d1c950708c77ebf5ebd5d0d88a6a2e87c86d9fb48afa0d18", size = 1442613, upload-time = "2025-01-29T04:19:27.63Z" },
    { url = "https://files.pythonhosted.org/packages/09/71/54e999902aed72baf26bca0d50781b01838251a462612966e9fc4891eadd/black-25.1.0-py3-none-any.whl", hash = "sha256:95e8176dae143ba9097f351d174fdaf0ccd29efb414b362ae3fd72bf0f710717", size = 207646, upload-time = "2025-01-29T04:15:38.082Z" },
]

[[package]]
name = "click"
version = "8.2.1"
source = { registry = "https://pypi.org/simple" }
dependencies = [
    { name = "colorama", marker = "sys_platform == 'win32'" },
]
sdist = { url = "https://files.pythonhosted.org/packages/60/6c/8ca2efa64cf75a977a0d7fac081354553ebe483345c734fb6b6515d96bbc/click-8.2.1.tar.gz", hash = "sha256:27c491cc05d968d271d5a1db13e3b5a184636d9d930f148c50b038f0d0646202", size = 286342, upload-time = "2025-05-20T23:19:49.832Z" }
wheels = [
    { url = "https://files.pythonhosted.org/packages/85/32/10bb5764d90a8eee674e9dc6f4db6a0ab47c8c4d0d83c27f7c39ac415a4d/click-8.2.1-py3-none-any.whl", hash = "sha256:61a3265b914e850b85317d0b3109c7f8cd35a670f963866005d6ef1d5175a12b", size = 102215, upload-time = "2025-05-20T23:19:47.796Z" },
]

[[package]]
name = "clueless-admin"
version = "0.1.0"
source = { editable = "." }
dependencies = [
    { name = "black" },
    { name = "importchecker" },
    { name = "isort" },
    { name = "nuitka" },
    { name = "numba" },
    { name = "pyroute2" },
    { name = "pytest" },
    { name = "python-iptables" },
]

[package.optional-dependencies]
build = [
    { name = "nuitka" },
    { name = "ordered-set" },
]

[package.metadata]
requires-dist = [
    { name = "black", specifier = ">=25.1.0" },
    { name = "importchecker", specifier = ">=3.0" },
    { name = "isort", specifier = ">=6.0.1" },
    { name = "nuitka", specifier = ">=2.7.14" },
    { name = "nuitka", marker = "extra == 'build'", specifier = ">=2.0.0" },
    { name = "numba", specifier = ">=0.61.2" },
    { name = "ordered-set", marker = "extra == 'build'", specifier = ">=4.0.0" },
    { name = "pyroute2", specifier = ">=0.9.2" },
    { name = "pytest", specifier = ">=8.4.1" },
    { name = "python-iptables", specifier = ">=1.2.0" },
]
provides-extras = ["build"]

[[package]]
name = "colorama"
version = "0.4.6"
source = { registry = "https://pypi.org/simple" }
sdist = { url = "https://files.pythonhosted.org/packages/d8/53/6f443c9a4a8358a93a6792e2acffb9d9d5cb0a5cfd8802644b7b1c9a02e4/colorama-0.4.6.tar.gz", hash = "sha256:08695f5cb7ed6e0531a20572697297273c47b8cae5a63ffc6d6ed5c201be6e44", size = 27697, upload-time = "2022-10-25T02:36:22.414Z" }
wheels = [
    { url = "https://files.pythonhosted.org/packages/d1/d6/3965ed04c63042e047cb6a3e6ed1a63a35087b6a609aa3a15ed8ac56c221/colorama-0.4.6-py2.py3-none-any.whl", hash = "sha256:4f1d9991f5acc0ca119f9d443620b77f9d6b33703e51011c16baf57afb285fc6", size = 25335, upload-time = "2022-10-25T02:36:20.889Z" },
]

[[package]]
name = "importchecker"
version = "3.0"
source = { registry = "https://pypi.org/simple" }
dependencies = [
    { name = "setuptools" },
]
sdist = { url = "https://files.pythonhosted.org/packages/29/04/cd8c2179797ddbcec15ca90d02d46a54316bb57fb914f931e114ca19111b/importchecker-3.0.tar.gz", hash = "sha256:ce4fd5bd697d4b36bf2816a6c3675e66b620abed550f60b89edf9e2b99055c57", size = 11098, upload-time = "2024-02-16T14:59:39.857Z" }
wheels = [
    { url = "https://files.pythonhosted.org/packages/70/6b/f4f8df231745d1d28183ee9f00ff115426b07a1aaeac6e0977f7f5efe084/importchecker-3.0-py3-none-any.whl", hash = "sha256:8eba2f85ffef681a65c678f6877c41e1f836cfcbd7df0a4132dcef0cf3b7a6f3", size = 10191, upload-time = "2024-02-16T14:59:38.091Z" },
]

[[package]]
name = "iniconfig"
version = "2.1.0"
source = { registry = "https://pypi.org/simple" }
sdist = { url = "https://files.pythonhosted.org/packages/f2/97/ebf4da567aa6827c909642694d71c9fcf53e5b504f2d96afea02718862f3/iniconfig-2.1.0.tar.gz", hash = "sha256:3abbd2e30b36733fee78f9c7f7308f2d0050e88f0087fd25c2645f63c773e1c7", size = 4793, upload-time = "2025-03-19T20:09:59.721Z" }
wheels = [
    { url = "https://files.pythonhosted.org/packages/2c/e1/e6716421ea10d38022b952c159d5161ca1193197fb744506875fbb87ea7b/iniconfig-2.1.0-py3-none-any.whl", hash = "sha256:9deba5723312380e77435581c6bf4935c94cbfab9b1ed33ef8d238ea168eb760", size = 6050, upload-time = "2025-03-19T20:10:01.071Z" },
]

[[package]]
name = "isort"
version = "6.0.1"
source = { registry = "https://pypi.org/simple" }
sdist = { url = "https://files.pythonhosted.org/packages/b8/21/1e2a441f74a653a144224d7d21afe8f4169e6c7c20bb13aec3a2dc3815e0/isort-6.0.1.tar.gz", hash = "sha256:1cb5df28dfbc742e490c5e41bad6da41b805b0a8be7bc93cd0fb2a8a890ac450", size = 821955, upload-time = "2025-02-26T21:13:16.955Z" }
wheels = [
    { url = "https://files.pythonhosted.org/packages/c1/11/114d0a5f4dabbdcedc1125dee0888514c3c3b16d3e9facad87ed96fad97c/isort-6.0.1-py3-none-any.whl", hash = "sha256:2dc5d7f65c9678d94c88dfc29161a320eec67328bc97aad576874cb4be1e9615", size = 94186, upload-time = "2025-02-26T21:13:14.911Z" },
]

[[package]]
name = "llvmlite"
version = "0.44.0"
source = { registry = "https://pypi.org/simple" }
sdist = { url = "https://files.pythonhosted.org/packages/89/6a/95a3d3610d5c75293d5dbbb2a76480d5d4eeba641557b69fe90af6c5b84e/llvmlite-0.44.0.tar.gz", hash = "sha256:07667d66a5d150abed9157ab6c0b9393c9356f229784a4385c02f99e94fc94d4", size = 171880, upload-time = "2025-01-20T11:14:41.342Z" }
wheels = [
    { url = "https://files.pythonhosted.org/packages/89/24/4c0ca705a717514c2092b18476e7a12c74d34d875e05e4d742618ebbf449/llvmlite-0.44.0-cp313-cp313-macosx_10_14_x86_64.whl", hash = "sha256:319bddd44e5f71ae2689859b7203080716448a3cd1128fb144fe5c055219d516", size = 28132306, upload-time = "2025-01-20T11:14:09.035Z" },
    { url = "https://files.pythonhosted.org/packages/01/cf/1dd5a60ba6aee7122ab9243fd614abcf22f36b0437cbbe1ccf1e3391461c/llvmlite-0.44.0-cp313-cp313-macosx_11_0_arm64.whl", hash = "sha256:9c58867118bad04a0bb22a2e0068c693719658105e40009ffe95c7000fcde88e", size = 26201090, upload-time = "2025-01-20T11:14:15.401Z" },
    { url = "https://files.pythonhosted.org/packages/d2/1b/656f5a357de7135a3777bd735cc7c9b8f23b4d37465505bd0eaf4be9befe/llvmlite-0.44.0-cp313-cp313-manylinux_2_17_x86_64.manylinux2014_x86_64.whl", hash = "sha256:46224058b13c96af1365290bdfebe9a6264ae62fb79b2b55693deed11657a8bf", size = 42361904, upload-time = "2025-01-20T11:14:22.949Z" },
    { url = "https://files.pythonhosted.org/packages/d8/e1/12c5f20cb9168fb3464a34310411d5ad86e4163c8ff2d14a2b57e5cc6bac/llvmlite-0.44.0-cp313-cp313-manylinux_2_27_aarch64.manylinux_2_28_aarch64.whl", hash = "sha256:aa0097052c32bf721a4efc03bd109d335dfa57d9bffb3d4c24cc680711b8b4fc", size = 41184245, upload-time = "2025-01-20T11:14:31.731Z" },
    { url = "https://files.pythonhosted.org/packages/d0/81/e66fc86539293282fd9cb7c9417438e897f369e79ffb62e1ae5e5154d4dd/llvmlite-0.44.0-cp313-cp313-win_amd64.whl", hash = "sha256:2fb7c4f2fb86cbae6dca3db9ab203eeea0e22d73b99bc2341cdf9de93612e930", size = 30331193, upload-time = "2025-01-20T11:14:38.578Z" },
]

[[package]]
name = "mypy-extensions"
version = "1.1.0"
source = { registry = "https://pypi.org/simple" }
sdist = { url = "https://files.pythonhosted.org/packages/a2/6e/371856a3fb9d31ca8dac321cda606860fa4548858c0cc45d9d1d4ca2628b/mypy_extensions-1.1.0.tar.gz", hash = "sha256:52e68efc3284861e772bbcd66823fde5ae21fd2fdb51c62a211403730b916558", size = 6343, upload-time = "2025-04-22T14:54:24.164Z" }
wheels = [
    { url = "https://files.pythonhosted.org/packages/79/7b/2c79738432f5c924bef5071f933bcc9efd0473bac3b4aa584a6f7c1c8df8/mypy_extensions-1.1.0-py3-none-any.whl", hash = "sha256:1be4cccdb0f2482337c4743e60421de3a356cd97508abadd57d47403e94f5505", size = 4963, upload-time = "2025-04-22T14:54:22.983Z" },
]

[[package]]
name = "nuitka"
version = "2.7.14"
source = { registry = "https://pypi.org/simple" }
dependencies = [
    { name = "ordered-set" },
    { name = "zstandard" },
]
sdist = { url = "https://files.pythonhosted.org/packages/24/11/005da9e0826ff333096763597699f5ac9ede8e57e31d94d52300e4bc8f1f/Nuitka-2.7.14.tar.gz", hash = "sha256:88233ed175d6d2abb2e1d5fa3c2e28b2fac604764ddc319c614325ff87c77117", size = 3888306, upload-time = "2025-09-08T09:47:05.979Z" }

[[package]]
name = "numba"
version = "0.61.2"
source = { registry = "https://pypi.org/simple" }
dependencies = [
    { name = "llvmlite" },
    { name = "numpy" },
]
sdist = { url = "https://files.pythonhosted.org/packages/1c/a0/e21f57604304aa03ebb8e098429222722ad99176a4f979d34af1d1ee80da/numba-0.61.2.tar.gz", hash = "sha256:8750ee147940a6637b80ecf7f95062185ad8726c8c28a2295b8ec1160a196f7d", size = 2820615, upload-time = "2025-04-09T02:58:07.659Z" }
wheels = [
    { url = "https://files.pythonhosted.org/packages/0b/f3/0fe4c1b1f2569e8a18ad90c159298d862f96c3964392a20d74fc628aee44/numba-0.61.2-cp313-cp313-macosx_10_14_x86_64.whl", hash = "sha256:3a10a8fc9afac40b1eac55717cece1b8b1ac0b946f5065c89e00bde646b5b154", size = 2771785, upload-time = "2025-04-09T02:57:59.96Z" },
    { url = "https://files.pythonhosted.org/packages/e9/71/91b277d712e46bd5059f8a5866862ed1116091a7cb03bd2704ba8ebe015f/numba-0.61.2-cp313-cp313-macosx_11_0_arm64.whl", hash = "sha256:7d3bcada3c9afba3bed413fba45845f2fb9cd0d2b27dd58a1be90257e293d140", size = 2773289, upload-time = "2025-04-09T02:58:01.435Z" },
    { url = "https://files.pythonhosted.org/packages/0d/e0/5ea04e7ad2c39288c0f0f9e8d47638ad70f28e275d092733b5817cf243c9/numba-0.61.2-cp313-cp313-manylinux2014_x86_64.manylinux_2_17_x86_64.whl", hash = "sha256:bdbca73ad81fa196bd53dc12e3aaf1564ae036e0c125f237c7644fe64a4928ab", size = 3893918, upload-time = "2025-04-09T02:58:02.933Z" },
    { url = "https://files.pythonhosted.org/packages/17/58/064f4dcb7d7e9412f16ecf80ed753f92297e39f399c905389688cf950b81/numba-0.61.2-cp313-cp313-manylinux_2_28_aarch64.whl", hash = "sha256:5f154aaea625fb32cfbe3b80c5456d514d416fcdf79733dd69c0df3a11348e9e", size = 3584056, upload-time = "2025-04-09T02:58:04.538Z" },
    { url = "https://files.pythonhosted.org/packages/af/a4/6d3a0f2d3989e62a18749e1e9913d5fa4910bbb3e3311a035baea6caf26d/numba-0.61.2-cp313-cp313-win_amd64.whl", hash = "sha256:59321215e2e0ac5fa928a8020ab00b8e57cda8a97384963ac0dfa4d4e6aa54e7", size = 2831846, upload-time = "2025-04-09T02:58:06.125Z" },
]

[[package]]
name = "numpy"
version = "2.2.6"
source = { registry = "https://pypi.org/simple" }
sdist = { url = "https://files.pythonhosted.org/packages/76/21/7d2a95e4bba9dc13d043ee156a356c0a8f0c6309dff6b21b4d71a073b8a8/numpy-2.2.6.tar.gz", hash = "sha256:e29554e2bef54a90aa5cc07da6ce955accb83f21ab5de01a62c8478897b264fd", size = 20276440, upload-time = "2025-05-17T22:38:04.611Z" }
wheels = [
    { url = "https://files.pythonhosted.org/packages/f9/5c/6657823f4f594f72b5471f1db1ab12e26e890bb2e41897522d134d2a3e81/numpy-2.2.6-cp313-cp313-macosx_10_13_x86_64.whl", hash = "sha256:0811bb762109d9708cca4d0b13c4f67146e3c3b7cf8d34018c722adb2d957c84", size = 20867828, upload-time = "2025-05-17T21:37:56.699Z" },
    { url = "https://files.pythonhosted.org/packages/dc/9e/14520dc3dadf3c803473bd07e9b2bd1b69bc583cb2497b47000fed2fa92f/numpy-2.2.6-cp313-cp313-macosx_11_0_arm64.whl", hash = "sha256:287cc3162b6f01463ccd86be154f284d0893d2b3ed7292439ea97eafa8170e0b", size = 14143006, upload-time = "2025-05-17T21:38:18.291Z" },
    { url = "https://files.pythonhosted.org/packages/4f/06/7e96c57d90bebdce9918412087fc22ca9851cceaf5567a45c1f404480e9e/numpy-2.2.6-cp313-cp313-macosx_14_0_arm64.whl", hash = "sha256:f1372f041402e37e5e633e586f62aa53de2eac8d98cbfb822806ce4bbefcb74d", size = 5076765, upload-time = "2025-05-17T21:38:27.319Z" },
    { url = "https://files.pythonhosted.org/packages/73/ed/63d920c23b4289fdac96ddbdd6132e9427790977d5457cd132f18e76eae0/numpy-2.2.6-cp313-cp313-macosx_14_0_x86_64.whl", hash = "sha256:55a4d33fa519660d69614a9fad433be87e5252f4b03850642f88993f7b2ca566", size = 6617736, upload-time = "2025-05-17T21:38:38.141Z" },
    { url = "https://files.pythonhosted.org/packages/85/c5/e19c8f99d83fd377ec8c7e0cf627a8049746da54afc24ef0a0cb73d5dfb5/numpy-2.2.6-cp313-cp313-manylinux_2_17_aarch64.manylinux2014_aarch64.whl", hash = "sha256:f92729c95468a2f4f15e9bb94c432a9229d0d50de67304399627a943201baa2f", size = 14010719, upload-time = "2025-05-17T21:38:58.433Z" },
    { url = "https://files.pythonhosted.org/packages/19/49/4df9123aafa7b539317bf6d342cb6d227e49f7a35b99c287a6109b13dd93/numpy-2.2.6-cp313-cp313-manylinux_2_17_x86_64.manylinux2014_x86_64.whl", hash = "sha256:1bc23a79bfabc5d056d106f9befb8d50c31ced2fbc70eedb8155aec74a45798f", size = 16526072, upload-time = "2025-05-17T21:39:22.638Z" },
    { url = "https://files.pythonhosted.org/packages/b2/6c/04b5f47f4f32f7c2b0e7260442a8cbcf8168b0e1a41ff1495da42f42a14f/numpy-2.2.6-cp313-cp313-musllinux_1_2_aarch64.whl", hash = "sha256:e3143e4451880bed956e706a3220b4e5cf6172ef05fcc397f6f36a550b1dd868", size = 15503213, upload-time = "2025-05-17T21:39:45.865Z" },
    { url = "https://files.pythonhosted.org/packages/17/0a/5cd92e352c1307640d5b6fec1b2ffb06cd0dabe7d7b8227f97933d378422/numpy-2.2.6-cp313-cp313-musllinux_1_2_x86_64.whl", hash = "sha256:b4f13750ce79751586ae2eb824ba7e1e8dba64784086c98cdbbcc6a42112ce0d", size = 18316632, upload-time = "2025-05-17T21:40:13.331Z" },
    { url = "https://files.pythonhosted.org/packages/f0/3b/5cba2b1d88760ef86596ad0f3d484b1cbff7c115ae2429678465057c5155/numpy-2.2.6-cp313-cp313-win32.whl", hash = "sha256:5beb72339d9d4fa36522fc63802f469b13cdbe4fdab4a288f0c441b74272ebfd", size = 6244532, upload-time = "2025-05-17T21:43:46.099Z" },
    { url = "https://files.pythonhosted.org/packages/cb/3b/d58c12eafcb298d4e6d0d40216866ab15f59e55d148a5658bb3132311fcf/numpy-2.2.6-cp313-cp313-win_amd64.whl", hash = "sha256:b0544343a702fa80c95ad5d3d608ea3599dd54d4632df855e4c8d24eb6ecfa1c", size = 12610885, upload-time = "2025-05-17T21:44:05.145Z" },
    { url = "https://files.pythonhosted.org/packages/6b/9e/4bf918b818e516322db999ac25d00c75788ddfd2d2ade4fa66f1f38097e1/numpy-2.2.6-cp313-cp313t-macosx_10_13_x86_64.whl", hash = "sha256:0bca768cd85ae743b2affdc762d617eddf3bcf8724435498a1e80132d04879e6", size = 20963467, upload-time = "2025-05-17T21:40:44Z" },
    { url = "https://files.pythonhosted.org/packages/61/66/d2de6b291507517ff2e438e13ff7b1e2cdbdb7cb40b3ed475377aece69f9/numpy-2.2.6-cp313-cp313t-macosx_11_0_arm64.whl", hash = "sha256:fc0c5673685c508a142ca65209b4e79ed6740a4ed6b2267dbba90f34b0b3cfda", size = 14225144, upload-time = "2025-05-17T21:41:05.695Z" },
    { url = "https://files.pythonhosted.org/packages/e4/25/480387655407ead912e28ba3a820bc69af9adf13bcbe40b299d454ec011f/numpy-2.2.6-cp313-cp313t-macosx_14_0_arm64.whl", hash = "sha256:5bd4fc3ac8926b3819797a7c0e2631eb889b4118a9898c84f585a54d475b7e40", size = 5200217, upload-time = "2025-05-17T21:41:15.903Z" },
    { url = "https://files.pythonhosted.org/packages/aa/4a/6e313b5108f53dcbf3aca0c0f3e9c92f4c10ce57a0a721851f9785872895/numpy-2.2.6-cp313-cp313t-macosx_14_0_x86_64.whl", hash = "sha256:fee4236c876c4e8369388054d02d0e9bb84821feb1a64dd59e137e6511a551f8", size = 6712014, upload-time = "2025-05-17T21:41:27.321Z" },
    { url = "https://files.pythonhosted.org/packages/b7/30/172c2d5c4be71fdf476e9de553443cf8e25feddbe185e0bd88b096915bcc/numpy-2.2.6-cp313-cp313t-manylinux_2_17_aarch64.manylinux2014_aarch64.whl", hash = "sha256:e1dda9c7e08dc141e0247a5b8f49cf05984955246a327d4c48bda16821947b2f", size = 14077935, upload-time = "2025-05-17T21:41:49.738Z" },
    { url = "https://files.pythonhosted.org/packages/12/fb/9e743f8d4e4d3c710902cf87af3512082ae3d43b945d5d16563f26ec251d/numpy-2.2.6-cp313-cp313t-manylinux_2_17_x86_64.manylinux2014_x86_64.whl", hash = "sha256:f447e6acb680fd307f40d3da4852208af94afdfab89cf850986c3ca00562f4fa", size = 16600122, upload-time = "2025-05-17T21:42:14.046Z" },
    { url = "https://files.pythonhosted.org/packages/12/75/ee20da0e58d3a66f204f38916757e01e33a9737d0b22373b3eb5a27358f9/numpy-2.2.6-cp313-cp313t-musllinux_1_2_aarch64.whl", hash = "sha256:389d771b1623ec92636b0786bc4ae56abafad4a4c513d36a55dce14bd9ce8571", size = 15586143, upload-time = "2025-05-17T21:42:37.464Z" },
    { url = "https://files.pythonhosted.org/packages/76/95/bef5b37f29fc5e739947e9ce5179ad402875633308504a52d188302319c8/numpy-2.2.6-cp313-cp313t-musllinux_1_2_x86_64.whl", hash = "sha256:8e9ace4a37db23421249ed236fdcdd457d671e25146786dfc96835cd951aa7c1", size = 18385260, upload-time = "2025-05-17T21:43:05.189Z" },
    { url = "https://files.pythonhosted.org/packages/09/04/f2f83279d287407cf36a7a8053a5abe7be3622a4363337338f2585e4afda/numpy-2.2.6-cp313-cp313t-win32.whl", hash = "sha256:038613e9fb8c72b0a41f025a7e4c3f0b7a1b5d768ece4796b674c8f3fe13efff", size = 6377225, upload-time = "2025-05-17T21:43:16.254Z" },
    { url = "https://files.pythonhosted.org/packages/67/0e/35082d13c09c02c011cf21570543d202ad929d961c02a147493cb0c2bdf5/numpy-2.2.6-cp313-cp313t-win_amd64.whl", hash = "sha256:6031dd6dfecc0cf9f668681a37648373bddd6421fff6c66ec1624eed0180ee06", size = 12771374, upload-time = "2025-05-17T21:43:35.479Z" },
]

[[package]]
name = "ordered-set"
version = "4.1.0"
source = { registry = "https://pypi.org/simple" }
sdist = { url = "https://files.pythonhosted.org/packages/4c/ca/bfac8bc689799bcca4157e0e0ced07e70ce125193fc2e166d2e685b7e2fe/ordered-set-4.1.0.tar.gz", hash = "sha256:694a8e44c87657c59292ede72891eb91d34131f6531463aab3009191c77364a8", size = 12826, upload-time = "2022-01-26T14:38:56.6Z" }
wheels = [
    { url = "https://files.pythonhosted.org/packages/33/55/af02708f230eb77084a299d7b08175cff006dea4f2721074b92cdb0296c0/ordered_set-4.1.0-py3-none-any.whl", hash = "sha256:046e1132c71fcf3330438a539928932caf51ddbc582496833e23de611de14562", size = 7634, upload-time = "2022-01-26T14:38:48.677Z" },
]

[[package]]
name = "packaging"
version = "25.0"
source = { registry = "https://pypi.org/simple" }
sdist = { url = "https://files.pythonhosted.org/packages/a1/d4/1fc4078c65507b51b96ca8f8c3ba19e6a61c8253c72794544580a7b6c24d/packaging-25.0.tar.gz", hash = "sha256:d443872c98d677bf60f6a1f2f8c1cb748e8fe762d2bf9d3148b5599295b0fc4f", size = 165727, upload-time = "2025-04-19T11:48:59.673Z" }
wheels = [
    { url = "https://files.pythonhosted.org/packages/20/12/38679034af332785aac8774540895e234f4d07f7545804097de4b666afd8/packaging-25.0-py3-none-any.whl", hash = "sha256:29572ef2b1f17581046b3a2227d5c611fb25ec70ca1ba8554b24b0e69331a484", size = 66469, upload-time = "2025-04-19T11:48:57.875Z" },
]

[[package]]
name = "pathspec"
version = "0.12.1"
source = { registry = "https://pypi.org/simple" }
sdist = { url = "https://files.pythonhosted.org/packages/ca/bc/f35b8446f4531a7cb215605d100cd88b7ac6f44ab3fc94870c120ab3adbf/pathspec-0.12.1.tar.gz", hash = "sha256:a482d51503a1ab33b1c67a6c3813a26953dbdc71c31dacaef9a838c4e29f5712", size = 51043, upload-time = "2023-12-10T22:30:45Z" }
wheels = [
    { url = "https://files.pythonhosted.org/packages/cc/20/ff623b09d963f88bfde16306a54e12ee5ea43e9b597108672ff3a408aad6/pathspec-0.12.1-py3-none-any.whl", hash = "sha256:a0d503e138a4c123b27490a4f7beda6a01c6f288df0e4a8b79c7eb0dc7b4cc08", size = 31191, upload-time = "2023-12-10T22:30:43.14Z" },
]

[[package]]
name = "platformdirs"
version = "4.3.8"
source = { registry = "https://pypi.org/simple" }
sdist = { url = "https://files.pythonhosted.org/packages/fe/8b/3c73abc9c759ecd3f1f7ceff6685840859e8070c4d947c93fae71f6a0bf2/platformdirs-4.3.8.tar.gz", hash = "sha256:3d512d96e16bcb959a814c9f348431070822a6496326a4be0911c40b5a74c2bc", size = 21362, upload-time = "2025-05-07T22:47:42.121Z" }
wheels = [
    { url = "https://files.pythonhosted.org/packages/fe/39/979e8e21520d4e47a0bbe349e2713c0aac6f3d853d0e5b34d76206c439aa/platformdirs-4.3.8-py3-none-any.whl", hash = "sha256:ff7059bb7eb1179e2685604f4aaf157cfd9535242bd23742eadc3c13542139b4", size = 18567, upload-time = "2025-05-07T22:47:40.376Z" },
]

[[package]]
name = "pluggy"
version = "1.6.0"
source = { registry = "https://pypi.org/simple" }
sdist = { url = "https://files.pythonhosted.org/packages/f9/e2/3e91f31a7d2b083fe6ef3fa267035b518369d9511ffab804f839851d2779/pluggy-1.6.0.tar.gz", hash = "sha256:7dcc130b76258d33b90f61b658791dede3486c3e6bfb003ee5c9bfb396dd22f3", size = 69412, upload-time = "2025-05-15T12:30:07.975Z" }
wheels = [
    { url = "https://files.pythonhosted.org/packages/54/20/4d324d65cc6d9205fabedc306948156824eb9f0ee1633355a8f7ec5c66bf/pluggy-1.6.0-py3-none-any.whl", hash = "sha256:e920276dd6813095e9377c0bc5566d94c932c33b27a3e3945d8389c374dd4746", size = 20538, upload-time = "2025-05-15T12:30:06.134Z" },
]

[[package]]
name = "pygments"
version = "2.19.2"
source = { registry = "https://pypi.org/simple" }
sdist = { url = "https://files.pythonhosted.org/packages/b0/77/a5b8c569bf593b0140bde72ea885a803b82086995367bf2037de0159d924/pygments-2.19.2.tar.gz", hash = "sha256:636cb2477cec7f8952536970bc533bc43743542f70392ae026374600add5b887", size = 4968631, upload-time = "2025-06-21T13:39:12.283Z" }
wheels = [
    { url = "https://files.pythonhosted.org/packages/c7/21/705964c7812476f378728bdf590ca4b771ec72385c533964653c68e86bdc/pygments-2.19.2-py3-none-any.whl", hash = "sha256:86540386c03d588bb81d44bc3928634ff26449851e99741617ecb9037ee5ec0b", size = 1225217, upload-time = "2025-06-21T13:39:07.939Z" },
]

[[package]]
name = "pyroute2"
version = "0.9.2"
source = { registry = "https://pypi.org/simple" }
dependencies = [
    { name = "win-inet-pton", marker = "sys_platform == 'win32'" },
]
sdist = { url = "https://files.pythonhosted.org/packages/f2/50/a53f35b42a7d14a8f317dbba219a21938163c58ae3d785667abfe8b2f416/pyroute2-0.9.2.tar.gz", hash = "sha256:aea3c0e1b46f48295edb29caaba3ceb6415bdcb975cba3f1489ffcc3198e0ce3", size = 470901, upload-time = "2025-04-28T17:00:26.678Z" }
wheels = [
    { url = "https://files.pythonhosted.org/packages/08/9c/8456183fb15a97d514c962b8934d8f0f8b03940e2ed7ec943d1fd2ae26ad/pyroute2-0.9.2-py3-none-any.whl", hash = "sha256:70e3def534fbd8f232927c88415ce0bf5201c208304ad189322d2db5c331fe77", size = 474394, upload-time = "2025-04-28T17:00:22.55Z" },
]

[[package]]
name = "pytest"
version = "8.4.1"
source = { registry = "https://pypi.org/simple" }
dependencies = [
    { name = "colorama", marker = "sys_platform == 'win32'" },
    { name = "iniconfig" },
    { name = "packaging" },
    { name = "pluggy" },
    { name = "pygments" },
]
sdist = { url = "https://files.pythonhosted.org/packages/08/ba/45911d754e8eba3d5a841a5ce61a65a685ff1798421ac054f85aa8747dfb/pytest-8.4.1.tar.gz", hash = "sha256:7c67fd69174877359ed9371ec3af8a3d2b04741818c51e5e99cc1742251fa93c", size = 1517714, upload-time = "2025-06-18T05:48:06.109Z" }
wheels = [
    { url = "https://files.pythonhosted.org/packages/29/16/c8a903f4c4dffe7a12843191437d7cd8e32751d5de349d45d3fe69544e87/pytest-8.4.1-py3-none-any.whl", hash = "sha256:539c70ba6fcead8e78eebbf1115e8b589e7565830d7d006a8723f19ac8a0afb7", size = 365474, upload-time = "2025-06-18T05:48:03.955Z" },
]

[[package]]
name = "python-iptables"
version = "1.2.0"
source = { registry = "https://pypi.org/simple" }
sdist = { url = "https://files.pythonhosted.org/packages/55/3c/a2626b88fffb5bcebae80a2dca1e09ff539ab454a8e5fb2e50141943a1f8/python_iptables-1.2.0.tar.gz", hash = "sha256:60f120d548f6d940f682f2c78851956018588936de05b9d5d338c3cb9bb47ca2", size = 60114, upload-time = "2025-04-06T22:14:56.321Z" }

[[package]]
name = "setuptools"
version = "80.9.0"
source = { registry = "https://pypi.org/simple" }
sdist = { url = "https://files.pythonhosted.org/packages/18/5d/3bf57dcd21979b887f014ea83c24ae194cfcd12b9e0fda66b957c69d1fca/setuptools-80.9.0.tar.gz", hash = "sha256:f36b47402ecde768dbfafc46e8e4207b4360c654f1f3bb84475f0a28628fb19c", size = 1319958, upload-time = "2025-05-27T00:56:51.443Z" }
wheels = [
    { url = "https://files.pythonhosted.org/packages/a3/dc/17031897dae0efacfea57dfd3a82fdd2a2aeb58e0ff71b77b87e44edc772/setuptools-80.9.0-py3-none-any.whl", hash = "sha256:062d34222ad13e0cc312a4c02d73f059e86a4acbfbdea8f8f76b28c99f306922", size = 1201486, upload-time = "2025-05-27T00:56:49.664Z" },
]

[[package]]
name = "win-inet-pton"
version = "1.1.0"
source = { registry = "https://pypi.org/simple" }
sdist = { url = "https://files.pythonhosted.org/packages/d9/da/0b1487b5835497dea00b00d87c2aca168bb9ca2e2096981690239e23760a/win_inet_pton-1.1.0.tar.gz", hash = "sha256:dd03d942c0d3e2b1cf8bab511844546dfa5f74cb61b241699fa379ad707dea4f", size = 2949, upload-time = "2019-02-19T17:46:23.925Z" }
wheels = [
    { url = "https://files.pythonhosted.org/packages/be/31/ff772a44aa56319df8afbb0b34f1a856f66f05b9d5f1fed917849e47fdae/win_inet_pton-1.1.0-py2.py3-none-any.whl", hash = "sha256:eaf0193cbe7152ac313598a0da7313fb479f769343c0c16c5308f64887dc885b", size = 4848, upload-time = "2019-02-19T17:46:22.182Z" },
]

[[package]]
name = "zstandard"
version = "0.24.0"
source = { registry = "https://pypi.org/simple" }
sdist = { url = "https://files.pythonhosted.org/packages/09/1b/c20b2ef1d987627765dcd5bf1dadb8ef6564f00a87972635099bb76b7a05/zstandard-0.24.0.tar.gz", hash = "sha256:fe3198b81c00032326342d973e526803f183f97aa9e9a98e3f897ebafe21178f", size = 905681, upload-time = "2025-08-17T18:36:36.352Z" }
wheels = [
    { url = "https://files.pythonhosted.org/packages/ec/ef/db949de3bf81ed122b8ee4db6a8d147a136fe070e1015f5a60d8a3966748/zstandard-0.24.0-cp313-cp313-macosx_10_13_x86_64.whl", hash = "sha256:e4ebb000c0fe24a6d0f3534b6256844d9dbf042fdf003efe5cf40690cf4e0f3e", size = 795700, upload-time = "2025-08-17T18:22:50.851Z" },
    { url = "https://files.pythonhosted.org/packages/99/56/fc04395d6f5eabd2fe6d86c0800d198969f3038385cb918bfbe94f2b0c62/zstandard-0.24.0-cp313-cp313-macosx_11_0_arm64.whl", hash = "sha256:498f88f5109666c19531f0243a90d2fdd2252839cd6c8cc6e9213a3446670fa8", size = 640343, upload-time = "2025-08-17T18:22:51.999Z" },
    { url = "https://files.pythonhosted.org/packages/9b/0f/0b0e0d55f2f051d5117a0d62f4f9a8741b3647440c0ee1806b7bd47ed5ae/zstandard-0.24.0-cp313-cp313-manylinux2010_i686.manylinux2014_i686.manylinux_2_12_i686.manylinux_2_17_i686.whl", hash = "sha256:0a9e95ceb180ccd12a8b3437bac7e8a8a089c9094e39522900a8917745542184", size = 5342571, upload-time = "2025-08-17T18:22:53.734Z" },
    { url = "https://files.pythonhosted.org/packages/5d/43/d74e49f04fbd62d4b5d89aeb7a29d693fc637c60238f820cd5afe6ca8180/zstandard-0.24.0-cp313-cp313-manylinux2014_aarch64.manylinux_2_17_aarch64.whl", hash = "sha256:bcf69e0bcddbf2adcfafc1a7e864edcc204dd8171756d3a8f3340f6f6cc87b7b", size = 5062723, upload-time = "2025-08-17T18:22:55.624Z" },
    { url = "https://files.pythonhosted.org/packages/8e/97/df14384d4d6a004388e6ed07ded02933b5c7e0833a9150c57d0abc9545b7/zstandard-0.24.0-cp313-cp313-manylinux2014_ppc64le.manylinux_2_17_ppc64le.whl", hash = "sha256:10e284748a7e7fbe2815ca62a9d6e84497d34cfdd0143fa9e8e208efa808d7c4", size = 5393282, upload-time = "2025-08-17T18:22:57.655Z" },
    { url = "https://files.pythonhosted.org/packages/7e/09/8f5c520e59a4d41591b30b7568595eda6fd71c08701bb316d15b7ed0613a/zstandard-0.24.0-cp313-cp313-manylinux2014_s390x.manylinux_2_17_s390x.whl", hash = "sha256:1bda8a85e5b9d5e73af2e61b23609a8cc1598c1b3b2473969912979205a1ff25", size = 5450895, upload-time = "2025-08-17T18:22:59.749Z" },
    { url = "https://files.pythonhosted.org/packages/d9/3d/02aba892327a67ead8cba160ee835cfa1fc292a9dcb763639e30c07da58b/zstandard-0.24.0-cp313-cp313-manylinux2014_x86_64.manylinux_2_17_x86_64.whl", hash = "sha256:1b14bc92af065d0534856bf1b30fc48753163ea673da98857ea4932be62079b1", size = 5546353, upload-time = "2025-08-17T18:23:01.457Z" },
    { url = "https://files.pythonhosted.org/packages/6a/6e/96c52afcde44da6a5313a1f6c356349792079808f12d8b69a7d1d98ef353/zstandard-0.24.0-cp313-cp313-musllinux_1_1_aarch64.whl", hash = "sha256:b4f20417a4f511c656762b001ec827500cbee54d1810253c6ca2df2c0a307a5f", size = 5046404, upload-time = "2025-08-17T18:23:03.418Z" },
    { url = "https://files.pythonhosted.org/packages/da/b6/eefee6b92d341a7db7cd1b3885d42d30476a093720fb5c181e35b236d695/zstandard-0.24.0-cp313-cp313-musllinux_1_1_x86_64.whl", hash = "sha256:337572a7340e1d92fd7fb5248c8300d0e91071002d92e0b8cabe8d9ae7b58159", size = 5576095, upload-time = "2025-08-17T18:23:05.331Z" },
    { url = "https://files.pythonhosted.org/packages/a3/29/743de3131f6239ba6611e17199581e6b5e0f03f268924d42468e29468ca0/zstandard-0.24.0-cp313-cp313-musllinux_1_2_aarch64.whl", hash = "sha256:df4be1cf6e8f0f2bbe2a3eabfff163ef592c84a40e1a20a8d7db7f27cfe08fc2", size = 4953448, upload-time = "2025-08-17T18:23:07.225Z" },
    { url = "https://files.pythonhosted.org/packages/c9/11/bd36ef49fba82e307d69d93b5abbdcdc47d6a0bcbc7ffbbfe0ef74c2fec5/zstandard-0.24.0-cp313-cp313-musllinux_1_2_i686.whl", hash = "sha256:6885ae4b33aee8835dbdb4249d3dfec09af55e705d74d9b660bfb9da51baaa8b", size = 5267388, upload-time = "2025-08-17T18:23:09.127Z" },
    { url = "https://files.pythonhosted.org/packages/c0/23/a4cfe1b871d3f1ce1f88f5c68d7e922e94be0043f3ae5ed58c11578d1e21/zstandard-0.24.0-cp313-cp313-musllinux_1_2_ppc64le.whl", hash = "sha256:663848a8bac4fdbba27feea2926049fdf7b55ec545d5b9aea096ef21e7f0b079", size = 5433383, upload-time = "2025-08-17T18:23:11.343Z" },
    { url = "https://files.pythonhosted.org/packages/77/26/f3fb85f00e732cca617d4b9cd1ffa6484f613ea07fad872a8bdc3a0ce753/zstandard-0.24.0-cp313-cp313-musllinux_1_2_s390x.whl", hash = "sha256:05d27c953f2e0a3ecc8edbe91d6827736acc4c04d0479672e0400ccdb23d818c", size = 5813988, upload-time = "2025-08-17T18:23:13.194Z" },
    { url = "https://files.pythonhosted.org/packages/3d/8c/d7e3b424b73f3ce66e754595cbcb6d94ff49790c9ac37d50e40e8145cd44/zstandard-0.24.0-cp313-cp313-musllinux_1_2_x86_64.whl", hash = "sha256:77b8b7b98893eaf47da03d262816f01f251c2aa059c063ed8a45c50eada123a5", size = 5359756, upload-time = "2025-08-17T18:23:15.021Z" },
    { url = "https://files.pythonhosted.org/packages/90/6c/f1f0e11f1b295138f9da7e7ae22dcd9a1bb96a9544fa3b31507e431288f5/zstandard-0.24.0-cp313-cp313-win32.whl", hash = "sha256:cf7fbb4e54136e9a03c7ed7691843c4df6d2ecc854a2541f840665f4f2bb2edd", size = 435957, upload-time = "2025-08-17T18:23:18.835Z" },
    { url = "https://files.pythonhosted.org/packages/9f/03/ab8b82ae5eb49eca4d3662705399c44442666cc1ce45f44f2d263bb1ae31/zstandard-0.24.0-cp313-cp313-win_amd64.whl", hash = "sha256:d64899cc0f33a8f446f1e60bffc21fa88b99f0e8208750d9144ea717610a80ce", size = 505171, upload-time = "2025-08-17T18:23:16.44Z" },
    { url = "https://files.pythonhosted.org/packages/db/12/89a2ecdea4bc73a934a30b66a7cfac5af352beac94d46cf289e103b65c34/zstandard-0.24.0-cp313-cp313-win_arm64.whl", hash = "sha256:57be3abb4313e0dd625596376bbb607f40059d801d51c1a1da94d7477e63b255", size = 461596, upload-time = "2025-08-17T18:23:17.603Z" },
    { url = "https://files.pythonhosted.org/packages/c9/56/f3d2c4d64aacee4aab89e788783636884786b6f8334c819f09bff1aa207b/zstandard-0.24.0-cp314-cp314-macosx_10_13_x86_64.whl", hash = "sha256:b7fa260dd2731afd0dfa47881c30239f422d00faee4b8b341d3e597cface1483", size = 795747, upload-time = "2025-08-17T18:23:19.968Z" },
    { url = "https://files.pythonhosted.org/packages/32/2d/9d3e5f6627e4cb5e511803788be1feee2f0c3b94594591e92b81db324253/zstandard-0.24.0-cp314-cp314-macosx_11_0_arm64.whl", hash = "sha256:e05d66239d14a04b4717998b736a25494372b1b2409339b04bf42aa4663bf251", size = 640475, upload-time = "2025-08-17T18:23:21.5Z" },
    { url = "https://files.pythonhosted.org/packages/be/5d/48e66abf8c146d95330e5385633a8cfdd556fa8bd14856fe721590cbab2b/zstandard-0.24.0-cp314-cp314-manylinux2010_i686.manylinux2014_i686.manylinux_2_12_i686.manylinux_2_17_i686.whl", hash = "sha256:622e1e04bd8a085994e02313ba06fbcf4f9ed9a488c6a77a8dbc0692abab6a38", size = 5343866, upload-time = "2025-08-17T18:23:23.351Z" },
    { url = "https://files.pythonhosted.org/packages/95/6c/65fe7ba71220a551e082e4a52790487f1d6bb8dfc2156883e088f975ad6d/zstandard-0.24.0-cp314-cp314-manylinux2014_aarch64.manylinux_2_17_aarch64.whl", hash = "sha256:55872e818598319f065e8192ebefecd6ac05f62a43f055ed71884b0a26218f41", size = 5062719, upload-time = "2025-08-17T18:23:25.192Z" },
    { url = "https://files.pythonhosted.org/packages/cb/68/15ed0a813ff91be80cc2a610ac42e0fc8d29daa737de247bbf4bab9429a1/zstandard-0.24.0-cp314-cp314-manylinux2014_ppc64le.manylinux_2_17_ppc64le.whl", hash = "sha256:bb2446a55b3a0fd8aa02aa7194bd64740015464a2daaf160d2025204e1d7c282", size = 5393090, upload-time = "2025-08-17T18:23:27.145Z" },
    { url = "https://files.pythonhosted.org/packages/d4/89/e560427b74fa2da6a12b8f3af8ee29104fe2bb069a25e7d314c35eec7732/zstandard-0.24.0-cp314-cp314-manylinux2014_s390x.manylinux_2_17_s390x.whl", hash = "sha256:2825a3951f945fb2613ded0f517d402b1e5a68e87e0ee65f5bd224a8333a9a46", size = 5450383, upload-time = "2025-08-17T18:23:29.044Z" },
    { url = "https://files.pythonhosted.org/packages/a3/95/0498328cbb1693885509f2fc145402b108b750a87a3af65b7250b10bd896/zstandard-0.24.0-cp314-cp314-manylinux2014_x86_64.manylinux_2_17_x86_64.whl", hash = "sha256:09887301001e7a81a3618156bc1759e48588de24bddfdd5b7a4364da9a8fbc20", size = 5546142, upload-time = "2025-08-17T18:23:31.281Z" },
    { url = "https://files.pythonhosted.org/packages/8a/8a/64aa15a726594df3bf5d8decfec14fe20cd788c60890f44fcfc74d98c2cc/zstandard-0.24.0-cp314-cp314-musllinux_1_2_aarch64.whl", hash = "sha256:98ca91dc9602cf351497d5600aa66e6d011a38c085a8237b370433fcb53e3409", size = 4953456, upload-time = "2025-08-17T18:23:33.234Z" },
    { url = "https://files.pythonhosted.org/packages/b0/b6/e94879c5cd6017af57bcba08519ed1228b1ebb15681efd949f4a00199449/zstandard-0.24.0-cp314-cp314-musllinux_1_2_i686.whl", hash = "sha256:e69f8e534b4e254f523e2f9d4732cf9c169c327ca1ce0922682aac9a5ee01155", size = 5268287, upload-time = "2025-08-17T18:23:35.145Z" },
    { url = "https://files.pythonhosted.org/packages/fd/e5/1a3b3a93f953dbe9e77e2a19be146e9cd2af31b67b1419d6cc8e8898d409/zstandard-0.24.0-cp314-cp314-musllinux_1_2_ppc64le.whl", hash = "sha256:444633b487a711e34f4bccc46a0c5dfbe1aee82c1a511e58cdc16f6bd66f187c", size = 5433197, upload-time = "2025-08-17T18:23:36.969Z" },
    { url = "https://files.pythonhosted.org/packages/39/83/b6eb1e1181de994b29804e1e0d2dc677bece4177f588c71653093cb4f6d5/zstandard-0.24.0-cp314-cp314-musllinux_1_2_s390x.whl", hash = "sha256:f7d3fe9e1483171e9183ffdb1fab07c5fef80a9c3840374a38ec2ab869ebae20", size = 5813161, upload-time = "2025-08-17T18:23:38.812Z" },
    { url = "https://files.pythonhosted.org/packages/f6/d3/2fb4166561591e9d75e8e35c79182aa9456644e2f4536f29e51216d1c513/zstandard-0.24.0-cp314-cp314-musllinux_1_2_x86_64.whl", hash = "sha256:27b6fa72b57824a3f7901fc9cc4ce1c1c834b28f3a43d1d4254c64c8f11149d4", size = 5359831, upload-time = "2025-08-17T18:23:41.162Z" },
    { url = "https://files.pythonhosted.org/packages/11/94/6a9227315b774f64a67445f62152c69b4e5e49a52a3c7c4dad8520a55e20/zstandard-0.24.0-cp314-cp314-win32.whl", hash = "sha256:fdc7a52a4cdaf7293e10813fd6a3abc0c7753660db12a3b864ab1fb5a0c60c16", size = 444448, upload-time = "2025-08-17T18:23:45.151Z" },
    { url = "https://files.pythonhosted.org/packages/fc/de/67acaba311013e0798cb96d1a2685cb6edcdfc1cae378b297ea7b02c319f/zstandard-0.24.0-cp314-cp314-win_amd64.whl", hash = "sha256:656ed895b28c7e42dd5b40dfcea3217cfc166b6b7eef88c3da2f5fc62484035b", size = 516075, upload-time = "2025-08-17T18:23:42.8Z" },
    { url = "https://files.pythonhosted.org/packages/10/ae/45fd8921263cea0228b20aa31bce47cc66016b2aba1afae1c6adcc3dbb1f/zstandard-0.24.0-cp314-cp314-win_arm64.whl", hash = "sha256:0101f835da7de08375f380192ff75135527e46e3f79bef224e3c49cb640fef6a", size = 476847, upload-time = "2025-08-17T18:23:43.892Z" },
]
